PODS:
  - Adyen (1.12.0):
    - Adyen/Cards (= 1.12.0)
    - Adyen/Core (= 1.12.0)
    - Adyen/Ideal (= 1.12.0)
    - Adyen/SEPADirectDebit (= 1.12.0)
    - Adyen/UI (= 1.12.0)
  - Adyen/Cards (1.12.0):
    - Adyen/Core
    - Adyen/CoreUI
    - AdyenCSE (~> 1.1)
  - Adyen/Core (1.12.0)
  - Adyen/CoreUI (1.12.0):
    - Adyen/Core
  - Adyen/Ideal (1.12.0):
    - Adyen/Core
    - Adyen/CoreUI
  - Adyen/SEPADirectDebit (1.12.0):
    - Adyen/Core
    - Adyen/CoreUI
  - Adyen/UI (1.12.0):
    - Adyen/Core
    - Adyen/CoreUI
  - AdyenCSE (1.1.1)
  - Alamofire (4.5.1)
  - Appsee (2.3.6)
  - AppsFlyerFramework (4.8.2)
  - Bolts (1.9.0):
    - Bolts/AppLinks (= 1.9.0)
    - Bolts/Tasks (= 1.9.0)
  - Bolts/AppLinks (1.9.0):
    - Bolts/Tasks
  - Bolts/Tasks (1.9.0)
  - Braintree (4.10.0):
    - Braintree/Card (= 4.10.0)
    - Braintree/Core (= 4.10.0)
    - Braintree/PayPal (= 4.10.0)
    - Braintree/UI (= 4.10.0)
  - Braintree/Card (4.10.0):
    - Braintree/Core
  - Braintree/Core (4.10.0)
  - Braintree/PayPal (4.10.0):
    - Braintree/Core
    - Braintree/PayPalOneTouch
  - Braintree/PayPalDataCollector (4.10.0):
    - Braintree/Core
    - Braintree/PayPalUtils
  - Braintree/PayPalOneTouch (4.10.0):
    - Braintree/Core
    - Braintree/PayPalDataCollector
    - Braintree/PayPalUtils
  - Braintree/PayPalUtils (4.10.0)
  - Braintree/UI (4.10.0):
    - Braintree/Card
    - Braintree/Core
  - CircleColorPicker (1.2.0)
  - Cosmos (13.0.0)
  - CreditCardForm (0.1.7)
  - FBSDKCoreKit (4.29.0):
    - Bolts (~> 1.7)
  - FBSDKLoginKit (4.29.0):
    - FBSDKCoreKit
  - Firebase (4.8.0):
    - Firebase/Core (= 4.8.0)
  - Firebase/Core (4.8.0):
    - FirebaseAnalytics (= 4.0.5)
    - FirebaseCore (= 4.0.13)
  - Firebase/DynamicLinks (4.8.0):
    - Firebase/Core
    - FirebaseDynamicLinks (= 2.3.1)
  - Firebase/Messaging (4.8.0):
    - Firebase/Core
    - FirebaseMessaging (= 2.0.8)
  - FirebaseAnalytics (4.0.5):
    - FirebaseCore (~> 4.0)
    - FirebaseInstanceID (~> 2.0)
    - GoogleToolboxForMac/NSData+zlib (~> 2.1)
    - nanopb (~> 0.3)
  - FirebaseCore (4.0.13):
    - GoogleToolboxForMac/NSData+zlib (~> 2.1)
  - FirebaseDynamicLinks (2.3.1):
    - FirebaseAnalytics (~> 4.0)
  - FirebaseInstanceID (2.0.8):
    - FirebaseCore (~> 4.0)
  - FirebaseMessaging (2.0.8):
    - FirebaseAnalytics (~> 4.0)
    - FirebaseCore (~> 4.0)
    - FirebaseInstanceID (~> 2.0)
    - GoogleToolboxForMac/Logger (~> 2.1)
    - Protobuf (~> 3.1)
  - FSPagerView (0.7.1)
  - GoogleAnalytics (3.17.0)
  - GoogleIDFASupport (3.14.0)
  - GoogleToolboxForMac/Defines (2.1.3)
  - GoogleToolboxForMac/Logger (2.1.3):
    - GoogleToolboxForMac/Defines (= 2.1.3)
  - GoogleToolboxForMac/NSData+zlib (2.1.3):
    - GoogleToolboxForMac/Defines (= 2.1.3)
  - HockeySDK (5.1.2):
    - HockeySDK/DefaultLib (= 5.1.2)
  - HockeySDK/DefaultLib (5.1.2)
  - KeychainSwift (10.0.0)
  - KlarnaCheckout (1.5.0)
  - Mockingjay (2.0.1):
    - Mockingjay/Core (= 2.0.1)
    - Mockingjay/XCTest (= 2.0.1)
  - Mockingjay/Core (2.0.1):
    - URITemplate (~> 2.0)
  - Mockingjay/XCTest (2.0.1):
    - Mockingjay/Core
  - MoreCharacterSets (1.0.2)
  - nanopb (0.3.8):
    - nanopb/decode (= 0.3.8)
    - nanopb/encode (= 0.3.8)
  - nanopb/decode (0.3.8)
  - nanopb/encode (0.3.8)
  - ParallaxHeader (2.0.0)
  - Protobuf (3.5.0)
  - ReachabilitySwift (4.1.0)
  - ReSwift (4.0.1)
  - RxBlocking (4.1.1):
    - RxSwift (~> 4.0)
  - RxCocoa (4.1.1):
    - RxSwift (~> 4.0)
  - RxGesture (1.2.1):
    - RxCocoa (~> 4.0)
    - RxSwift (~> 4.0)
  - RxSwift (4.1.1)
  - RxSwiftExt (3.1.0):
    - RxSwiftExt/Core (= 3.1.0)
  - RxSwiftExt/Core (3.1.0):
    - RxSwift (~> 4.0)
  - RxTest (4.1.1):
    - RxSwift (~> 4.0)
  - SkyFloatingLabelTextField (3.4.0)
  - Stripe (11.5.0)
  - SwiftLint (0.24.2)
  - SwiftMessages (4.1.0)
  - SwiftyDropbox (4.3.0):
    - Alamofire (~> 4.5.0)
  - UIColor_Hex_Swift (4.0.1)
  - UIImageColors (2.0.0)
  - URITemplate (2.0.3)

DEPENDENCIES:
  - Adyen (= 1.12.0)
  - Appsee
  - AppsFlyerFramework
  - Braintree
  - CircleColorPicker
  - Cosmos
  - CreditCardForm
  - FBSDKCoreKit
  - FBSDKLoginKit
  - Firebase
  - Firebase/Core
  - Firebase/DynamicLinks
  - Firebase/Messaging
  - FSPagerView
  - GoogleAnalytics
  - GoogleIDFASupport
  - HockeySDK
  - KeychainSwift
  - KlarnaCheckout
  - Mockingjay
  - MoreCharacterSets (from `https://github.com/d4rkd3v1l/MoreCharacterSets.git`)
  - ParallaxHeader
  - ReachabilitySwift
  - ReSwift
  - RxBlocking
  - RxCocoa
  - RxGesture
  - RxSwift
  - RxSwiftExt
  - RxTest
  - SkyFloatingLabelTextField
  - Stripe
  - SwiftLint
  - SwiftMessages
  - SwiftyDropbox
  - UIColor_Hex_Swift (from `https://github.com/yeahdongcn/UIColor-Hex-Swift.git`)
  - UIImageColors

EXTERNAL SOURCES:
  MoreCharacterSets:
    :git: https://github.com/d4rkd3v1l/MoreCharacterSets.git
  UIColor_Hex_Swift:
    :git: https://github.com/yeahdongcn/UIColor-Hex-Swift.git

CHECKOUT OPTIONS:
  MoreCharacterSets:
    :commit: 9f21875ca19cf43fdd4ffde89dc1e6b7c6b08b2e
    :git: https://github.com/d4rkd3v1l/MoreCharacterSets.git
  UIColor_Hex_Swift:
    :commit: 9f08e21ffda40c1e3b31a932de8e1a961571a318
    :git: https://github.com/yeahdongcn/UIColor-Hex-Swift.git

SPEC CHECKSUMS:
  Adyen: 63351a395d3a64a759c9be42b2b6d00128c301e0
  AdyenCSE: c52eb5ef89bd98b8d0aa1214352fe026979ace1a
  Alamofire: 2d95912bf4c34f164fdfc335872e8c312acaea4a
  Appsee: 8b3eab549f4701befe537cab4aefd175421f6328
  AppsFlyerFramework: 0999f26d737ff456c7a5f9d7c912996ea5cd8cbe
  Bolts: ac6567323eac61e203f6a9763667d0f711be34c8
  Braintree: 424a8b0bf1d31fe1110035cfde438701e1425c1a
  CircleColorPicker: 079756ecfb9a8caa30ce2b60ec0e625a2293c3fc
  Cosmos: af3973becc045af335b64498c9812034876b7661
  CreditCardForm: 66f0ce5a12182000a457d56f5630049efd3432df
  FBSDKCoreKit: 6f139173dc63a1deaff4430a55f2fe5bb222d2af
  FBSDKLoginKit: 56a057ca6822535ea0faa25f57a7c41edb697fd4
  Firebase: 710decbbc6d9d48530e9a5dba3209740c3532e05
  FirebaseAnalytics: 5b02a63ead2c3f0259cfc7f15e053e440587ecf8
  FirebaseCore: 3c02ec652db3d03fdc8bc6d9154af3e20d64b6f5
  FirebaseDynamicLinks: b708fbc1e9bd77c2d992812736b206820e283203
  FirebaseInstanceID: 81df5805a08001e69138664bdd02c6719a9ac80f
  FirebaseMessaging: dfdcd307c2382290a1e297a81d0f18370f5b1bcd
  FSPagerView: 958aba39684e1573755ddcfcc29f7eebb8413cee
  GoogleAnalytics: f42cc53a87a51fe94334821868d9c8481ff47a7b
  GoogleIDFASupport: aaf8c10bd429abb1c15349d5252244f5eda8ead1
  GoogleToolboxForMac: 2501e2ad72a52eb3dfe7bd9aee7dad11b858bd20
  HockeySDK: 38b7e2726af1ea86ae97ce4b5de33ab0817e3500
  KeychainSwift: f9f7910449a0c0fd2cabc889121530dd2c477c33
  KlarnaCheckout: 6e3ac15ad6c3f353e8dfa174862199153b548700
  Mockingjay: 11a621880d2887f1775bdcf824341eb68f218450
  MoreCharacterSets: 0b61fecd3781e9c2b7c1a190469a90d2f50ce21d
  nanopb: 5601e6bca2dbf1ed831b519092ec110f66982ca3
  ParallaxHeader: fb6ee97915626454f3c029a97b424f79a777c642
  Protobuf: 8a9838fba8dae3389230e1b7f8c104aa32389c03
  ReachabilitySwift: 6849231cd4e06559f3b9ef4a97a0a0f96d41e09f
  ReSwift: f4012c613e13da7398827fe5aebdb938eaed40a3
  RxBlocking: 22e7d7b86a1c0c42164a30d64f56f97128b4ffab
  RxCocoa: fd0862fd2df95fa55562ad28ffd2522c25eb4a85
  RxGesture: c278eb05b187abd47e11e65464ae4de53ab71d95
  RxSwift: c6e3b1c7b325c7d121cd4327e9d98b7ed746b570
  RxSwiftExt: a9b9c8e94be009146707f9fcb16eaf3cc1f3910c
  RxTest: f934010a5b07ecd627cb70b38eb4baf0414591d2
  SkyFloatingLabelTextField: 703aa1420b697392b1e7dba25571180dde018477
  Stripe: 10761682d20dc491c52287393c800db056c9748d
  SwiftLint: 2aa21b96c8d13396a051bc1cb659d2ce1e0075b0
  SwiftMessages: 1bacc783c8f10bdfdc57c14860cae8a1f1fa6591
  SwiftyDropbox: f70ff647c8ef4195e1314c8a894652f3ba3da526
  UIColor_Hex_Swift: c5ff88470499383b8fd85302d59344bb24ba9436
  UIImageColors: 3ae0150e539342697808281a3975fe5dec2024ce
  URITemplate: ace0c4c46dcf8afe6e89b4060621852886b15c3b

PODFILE CHECKSUM: 2b18aab2796d174ca00f3d422faeef2680fed6dc

COCOAPODS: 1.3.1
